
Microsoft Visual Studio Solution File, Format Version 12.00
# Visual Studio Version 17
VisualStudioVersion = 17.9.34728.123
MinimumVisualStudioVersion = 10.0.40219.1
Project("{2150E333-8FDC-42A3-9474-1A3956D46DE8}") = "src", "src", "{EF360EB7-88C6-483A-87BA-0E90419C6026}"
EndProject
Project("{9A19103F-16F7-4668-BE54-9A1E7A4F7556}") = "ProvisionPadel.Api", "src\ProvisionPadel.Api\ProvisionPadel.Api.csproj", "{970FB0B3-1689-406E-993B-D3EEA2C3C51E}"
EndProject
Project("{E53339B2-1760-4266-BCC7-CA923CBCF16C}") = "docker-compose", "docker-compose.dcproj", "{7682C222-3E8C-4256-A65D-A5263B3B0688}"
EndProject
Global
	GlobalSection(SolutionConfigurationPlatforms) = preSolution
		Debug|Any CPU = Debug|Any CPU
		Release|Any CPU = Release|Any CPU
	EndGlobalSection
	GlobalSection(ProjectConfigurationPlatforms) = postSolution
		{970FB0B3-1689-406E-993B-D3EEA2C3C51E}.Debug|Any CPU.ActiveCfg = Debug|Any CPU
		{970FB0B3-1689-406E-993B-D3EEA2C3C51E}.Debug|Any CPU.Build.0 = Debug|Any CPU
		{970FB0B3-1689-406E-993B-D3EEA2C3C51E}.Release|Any CPU.ActiveCfg = Release|Any CPU
		{970FB0B3-1689-406E-993B-D3EEA2C3C51E}.Release|Any CPU.Build.0 = Release|Any CPU
		{7682C222-3E8C-4256-A65D-A5263B3B0688}.Debug|Any CPU.ActiveCfg = Debug|Any CPU
		{7682C222-3E8C-4256-A65D-A5263B3B0688}.Debug|Any CPU.Build.0 = Debug|Any CPU
		{7682C222-3E8C-4256-A65D-A5263B3B0688}.Release|Any CPU.ActiveCfg = Release|Any CPU
		{7682C222-3E8C-4256-A65D-A5263B3B0688}.Release|Any CPU.Build.0 = Release|Any CPU
	EndGlobalSection
	GlobalSection(SolutionProperties) = preSolution
		HideSolutionNode = FALSE
	EndGlobalSection
	GlobalSection(NestedProjects) = preSolution
		{970FB0B3-1689-406E-993B-D3EEA2C3C51E} = {EF360EB7-88C6-483A-87BA-0E90419C6026}
	EndGlobalSection
	GlobalSection(ExtensibilityGlobals) = postSolution
		SolutionGuid = {A54AF12A-0A9F-4AA8-BE97-34C607DA1AC9}
	EndGlobalSection
EndGlobal
